
Microsoft Visual Studio Solution File, Format Version 12.00
# Visual Studio Version 16
VisualStudioVersion = 16.0.30608.117
MinimumVisualStudioVersion = 15.0.26124.0
Project("{9A19103F-16F7-4668-BE54-9A1E7A4F7556}") = "AWSConsole.Uri.Builder", "AWSConsole.Uri.Builder\AWSConsole.Uri.Builder.csproj", "{BB562C31-99DE-4C59-BB9E-C1CB6C0BB226}"
EndProject
Project("{9A19103F-16F7-4668-BE54-9A1E7A4F7556}") = "AWSConsole.Uri.Builder.Tests", "AWSConsole.Uri.Builder.Tests\AWSConsole.Uri.Builder.Tests.csproj", "{58D927EB-4432-4C31-8A5D-2DAEC235B2A5}"
EndProject
Global
	GlobalSection(SolutionConfigurationPlatforms) = preSolution
		Debug|Any CPU = Debug|Any CPU
		Debug|x64 = Debug|x64
		Debug|x86 = Debug|x86
		Release|Any CPU = Release|Any CPU
		Release|x64 = Release|x64
		Release|x86 = Release|x86
	EndGlobalSection
	GlobalSection(ProjectConfigurationPlatforms) = postSolution
		{BB562C31-99DE-4C59-BB9E-C1CB6C0BB226}.Debug|Any CPU.ActiveCfg = Debug|Any CPU
		{BB562C31-99DE-4C59-BB9E-C1CB6C0BB226}.Debug|Any CPU.Build.0 = Debug|Any CPU
		{BB562C31-99DE-4C59-BB9E-C1CB6C0BB226}.Debug|x64.ActiveCfg = Debug|Any CPU
		{BB562C31-99DE-4C59-BB9E-C1CB6C0BB226}.Debug|x64.Build.0 = Debug|Any CPU
		{BB562C31-99DE-4C59-BB9E-C1CB6C0BB226}.Debug|x86.ActiveCfg = Debug|Any CPU
		{BB562C31-99DE-4C59-BB9E-C1CB6C0BB226}.Debug|x86.Build.0 = Debug|Any CPU
		{BB562C31-99DE-4C59-BB9E-C1CB6C0BB226}.Release|Any CPU.ActiveCfg = Release|Any CPU
		{BB562C31-99DE-4C59-BB9E-C1CB6C0BB226}.Release|Any CPU.Build.0 = Release|Any CPU
		{BB562C31-99DE-4C59-BB9E-C1CB6C0BB226}.Release|x64.ActiveCfg = Release|Any CPU
		{BB562C31-99DE-4C59-BB9E-C1CB6C0BB226}.Release|x64.Build.0 = Release|Any CPU
		{BB562C31-99DE-4C59-BB9E-C1CB6C0BB226}.Release|x86.ActiveCfg = Release|Any CPU
		{BB562C31-99DE-4C59-BB9E-C1CB6C0BB226}.Release|x86.Build.0 = Release|Any CPU
		{58D927EB-4432-4C31-8A5D-2DAEC235B2A5}.Debug|Any CPU.ActiveCfg = Debug|Any CPU
		{58D927EB-4432-4C31-8A5D-2DAEC235B2A5}.Debug|Any CPU.Build.0 = Debug|Any CPU
		{58D927EB-4432-4C31-8A5D-2DAEC235B2A5}.Debug|x64.ActiveCfg = Debug|Any CPU
		{58D927EB-4432-4C31-8A5D-2DAEC235B2A5}.Debug|x64.Build.0 = Debug|Any CPU
		{58D927EB-4432-4C31-8A5D-2DAEC235B2A5}.Debug|x86.ActiveCfg = Debug|Any CPU
		{58D927EB-4432-4C31-8A5D-2DAEC235B2A5}.Debug|x86.Build.0 = Debug|Any CPU
		{58D927EB-4432-4C31-8A5D-2DAEC235B2A5}.Release|Any CPU.ActiveCfg = Release|Any CPU
		{58D927EB-4432-4C31-8A5D-2DAEC235B2A5}.Release|Any CPU.Build.0 = Release|Any CPU
		{58D927EB-4432-4C31-8A5D-2DAEC235B2A5}.Release|x64.ActiveCfg = Release|Any CPU
		{58D927EB-4432-4C31-8A5D-2DAEC235B2A5}.Release|x64.Build.0 = Release|Any CPU
		{58D927EB-4432-4C31-8A5D-2DAEC235B2A5}.Release|x86.ActiveCfg = Release|Any CPU
		{58D927EB-4432-4C31-8A5D-2DAEC235B2A5}.Release|x86.Build.0 = Release|Any CPU
	EndGlobalSection
	GlobalSection(SolutionProperties) = preSolution
		HideSolutionNode = FALSE
	EndGlobalSection
	GlobalSection(ExtensibilityGlobals) = postSolution
		SolutionGuid = {A7396985-8033-4069-8782-A84DBC474D75}
	EndGlobalSection
EndGlobal
